# tcb.lock — TCB content hashes (modification-ladder spec §3; additions human-only)
# Row 13 (red-line lint / try_promote_body / verifier harness): declared, not yet built.
# alpha/meta/{evolution,proposal_store}.py added 2026-07-10 (user-approved, backend-design round).
9aa30204905d0a697f613520c9670e7a517676144ebe35e3326c7a10ddd4ac0c  alpha/agent/retrieval.py
666e0590bf9c9cd937f8c92983253e053826f696897097fae1423b44cf5c7334  alpha/arena/policy.py
7f9b9ce63d380c7a03b0f181fe66e95ce986d72b40d51846f47128c308d5e1e6  alpha/data/firewall.py
06cb8fdad17fce3ade9e179bc429468bbde643d0f2b5b5db7cecd828e4e318ea  alpha/harness/doctrine.py
1e44153636579412db04c1419c6d877d56e692aecd48cf8c571c1d82be3da46f  alpha/harness/edit_log.py
20c18b6fd6ea8122ef8aa43e4f66355dd5b6b03de48e51a9c4c7545878d7d55f  alpha/harness/manager.py
392c035755c812192128995e4c094e62c41e5748d510a0666995f7f026878318  alpha/harness/metatools.py
a158d2220b949effa48b808f33664b558ff5e7048419147a7cb1fb2147b590bb  alpha/harness/snapshot.py
7676d416cde0627bc07c1b7bc0ce5a95e55f8f8c217fdf1326cb03c244cf2f09  alpha/loop/floor_breaker.py
640dbe7bd8365e54ca907d137519976c92623487f46acabc3c404ecabbdaf43c  alpha/memory/store.py
3e88dabe3327897526ea44c84a9d86a2cbf8ed279f470615c727c6c94c68c880  alpha/meta/evolution.py
58ac0b92960909d5e5987045f4a95f12b3180702df7f673f390e193d21d293ff  alpha/meta/proposal_store.py
fc1335294a07987dd4ec4dc9930c1850c6af4e228ec0771aa713935b300f52c8  alpha/refine/apply.py
cf9386758ffe1684335f772d8fa3be9aefbebd28b0656421c26fdbe1b9bfdd43  alpha/refine/conflict.py
37b678f48e568b40b46ea57cf2835507454f8fecdccd7c5c89a61809c8a92e1d  alpha/refine/ops.py
